
Microsoft Visual Studio Solution File, Format Version 12.00
# Visual Studio 15
VisualStudioVersion = 15.0.28307.168
MinimumVisualStudioVersion = 10.0.40219.1
Project("{8BC9CEB8-8B4A-11D0-8D11-00A0C91BC942}") = "ClockExample", "Clock\examples\ClockExample\ClockExample.vcxproj", "{57DC80F9-6CC7-4C1D-A9AD-558D0D7A906F}"
EndProject
Project("{8BC9CEB8-8B4A-11D0-8D11-00A0C91BC942}") = "I2C_Helper_SpeedTest", "I2C_Helper\examples\I2C_Helper_SpeedTest\I2C_Helper_SpeedTest.vcxproj", "{68C72B5A-AFF1-462D-A84D-30E2B33CD5BD}"
EndProject
Project("{8BC9CEB8-8B4A-11D0-8D11-00A0C91BC942}") = "I2C_Helper_AutoSpeed", "I2C_Helper\examples\I2C_Helper_AutoSpeed\I2C_Helper_AutoSpeed.vcxproj", "{CEB3B062-C099-4DFD-8816-73252B590C8E}"
EndProject
Project("{8BC9CEB8-8B4A-11D0-8D11-00A0C91BC942}") = "Logger", "Logging\examples\Logger\Logger.vcxproj", "{9E9DEACF-9579-4BF7-8D93-DA83F6699066}"
EndProject
Project("{8BC9CEB8-8B4A-11D0-8D11-00A0C91BC942}") = "MultiCrystalExample", "MultiCrystal\examples\MultiCrystalExample\MultiCrystalExample.vcxproj", "{CBE8E7F2-3B66-48D9-BA3E-74B3AD31481D}"
EndProject
Project("{8BC9CEB8-8B4A-11D0-8D11-00A0C91BC942}") = "RDB_Example", "RDB\examples\RDB_Example\RDB_Example.vcxproj", "{C5F80730-F44F-4478-BDAE-6634EFC2CA88}"
EndProject
Project("{8BC9CEB8-8B4A-11D0-8D11-00A0C91BC942}") = "SJD_10_TestRelays", "..\..\Sketches\SJD_10_TestRelays\SJD_10_TestRelays.vcxproj", "{12012E94-2B10-4B3A-881D-17345F56B651}"
EndProject
Project("{8BC9CEB8-8B4A-11D0-8D11-00A0C91BC942}") = "SJD_08_TestI2C", "..\..\Sketches\SJD_08_TestI2C\SJD_08_TestI2C.vcxproj", "{D4164431-CDF6-4318-9AA2-966F6F4CFD7F}"
EndProject
Project("{8BC9CEB8-8B4A-11D0-8D11-00A0C91BC942}") = "SJD_10_TestRelays_Original", "..\..\Sketches\SJD_10_TestRelays_original\SJD_10_TestRelays_original.vcxproj", "{EE13B552-E647-4C74-BFBB-FD3A600895CD}"
EndProject
Project("{8BC9CEB8-8B4A-11D0-8D11-00A0C91BC942}") = "SJD_10b_TestRelayReset", "..\SJD_10b_TestRelayReset\SJD_10b_TestRelayReset.vcxproj", "{17E8DB38-B8C8-4CCD-898E-9AE968778C8D}"
EndProject
Global
	GlobalSection(SolutionConfigurationPlatforms) = preSolution
		Debug|ARM = Debug|ARM
		Debug|x86 = Debug|x86
		Release|ARM = Release|ARM
		Release|x86 = Release|x86
	EndGlobalSection
	GlobalSection(ProjectConfigurationPlatforms) = postSolution
		{57DC80F9-6CC7-4C1D-A9AD-558D0D7A906F}.Debug|ARM.ActiveCfg = Debug|Win32
		{57DC80F9-6CC7-4C1D-A9AD-558D0D7A906F}.Debug|x86.ActiveCfg = Debug|Win32
		{57DC80F9-6CC7-4C1D-A9AD-558D0D7A906F}.Debug|x86.Build.0 = Debug|Win32
		{57DC80F9-6CC7-4C1D-A9AD-558D0D7A906F}.Release|ARM.ActiveCfg = Release|Win32
		{57DC80F9-6CC7-4C1D-A9AD-558D0D7A906F}.Release|x86.ActiveCfg = Release|Win32
		{57DC80F9-6CC7-4C1D-A9AD-558D0D7A906F}.Release|x86.Build.0 = Release|Win32
		{68C72B5A-AFF1-462D-A84D-30E2B33CD5BD}.Debug|ARM.ActiveCfg = Debug|Win32
		{68C72B5A-AFF1-462D-A84D-30E2B33CD5BD}.Debug|x86.ActiveCfg = Debug|Win32
		{68C72B5A-AFF1-462D-A84D-30E2B33CD5BD}.Debug|x86.Build.0 = Debug|Win32
		{68C72B5A-AFF1-462D-A84D-30E2B33CD5BD}.Release|ARM.ActiveCfg = Release|Win32
		{68C72B5A-AFF1-462D-A84D-30E2B33CD5BD}.Release|x86.ActiveCfg = Release|Win32
		{68C72B5A-AFF1-462D-A84D-30E2B33CD5BD}.Release|x86.Build.0 = Release|Win32
		{CEB3B062-C099-4DFD-8816-73252B590C8E}.Debug|ARM.ActiveCfg = Debug|Win32
		{CEB3B062-C099-4DFD-8816-73252B590C8E}.Debug|x86.ActiveCfg = Debug|Win32
		{CEB3B062-C099-4DFD-8816-73252B590C8E}.Debug|x86.Build.0 = Debug|Win32
		{CEB3B062-C099-4DFD-8816-73252B590C8E}.Release|ARM.ActiveCfg = Release|Win32
		{CEB3B062-C099-4DFD-8816-73252B590C8E}.Release|x86.ActiveCfg = Release|Win32
		{CEB3B062-C099-4DFD-8816-73252B590C8E}.Release|x86.Build.0 = Release|Win32
		{9E9DEACF-9579-4BF7-8D93-DA83F6699066}.Debug|ARM.ActiveCfg = Debug|Win32
		{9E9DEACF-9579-4BF7-8D93-DA83F6699066}.Debug|x86.ActiveCfg = Debug|Win32
		{9E9DEACF-9579-4BF7-8D93-DA83F6699066}.Debug|x86.Build.0 = Debug|Win32
		{9E9DEACF-9579-4BF7-8D93-DA83F6699066}.Release|ARM.ActiveCfg = Release|Win32
		{9E9DEACF-9579-4BF7-8D93-DA83F6699066}.Release|x86.ActiveCfg = Release|Win32
		{9E9DEACF-9579-4BF7-8D93-DA83F6699066}.Release|x86.Build.0 = Release|Win32
		{CBE8E7F2-3B66-48D9-BA3E-74B3AD31481D}.Debug|ARM.ActiveCfg = Debug|Win32
		{CBE8E7F2-3B66-48D9-BA3E-74B3AD31481D}.Debug|x86.ActiveCfg = Debug|Win32
		{CBE8E7F2-3B66-48D9-BA3E-74B3AD31481D}.Debug|x86.Build.0 = Debug|Win32
		{CBE8E7F2-3B66-48D9-BA3E-74B3AD31481D}.Release|ARM.ActiveCfg = Release|Win32
		{CBE8E7F2-3B66-48D9-BA3E-74B3AD31481D}.Release|x86.ActiveCfg = Release|Win32
		{CBE8E7F2-3B66-48D9-BA3E-74B3AD31481D}.Release|x86.Build.0 = Release|Win32
		{C5F80730-F44F-4478-BDAE-6634EFC2CA88}.Debug|ARM.ActiveCfg = Debug|ARM
		{C5F80730-F44F-4478-BDAE-6634EFC2CA88}.Debug|ARM.Build.0 = Debug|ARM
		{C5F80730-F44F-4478-BDAE-6634EFC2CA88}.Debug|x86.ActiveCfg = Debug|Win32
		{C5F80730-F44F-4478-BDAE-6634EFC2CA88}.Debug|x86.Build.0 = Debug|Win32
		{C5F80730-F44F-4478-BDAE-6634EFC2CA88}.Release|ARM.ActiveCfg = Release|ARM
		{C5F80730-F44F-4478-BDAE-6634EFC2CA88}.Release|ARM.Build.0 = Release|ARM
		{C5F80730-F44F-4478-BDAE-6634EFC2CA88}.Release|x86.ActiveCfg = Release|Win32
		{C5F80730-F44F-4478-BDAE-6634EFC2CA88}.Release|x86.Build.0 = Release|Win32
		{12012E94-2B10-4B3A-881D-17345F56B651}.Debug|ARM.ActiveCfg = Debug|Win32
		{12012E94-2B10-4B3A-881D-17345F56B651}.Debug|x86.ActiveCfg = Debug|Win32
		{12012E94-2B10-4B3A-881D-17345F56B651}.Debug|x86.Build.0 = Debug|Win32
		{12012E94-2B10-4B3A-881D-17345F56B651}.Release|ARM.ActiveCfg = Release|Win32
		{12012E94-2B10-4B3A-881D-17345F56B651}.Release|x86.ActiveCfg = Release|Win32
		{12012E94-2B10-4B3A-881D-17345F56B651}.Release|x86.Build.0 = Release|Win32
		{D4164431-CDF6-4318-9AA2-966F6F4CFD7F}.Debug|ARM.ActiveCfg = Debug|Win32
		{D4164431-CDF6-4318-9AA2-966F6F4CFD7F}.Debug|x86.ActiveCfg = Debug|Win32
		{D4164431-CDF6-4318-9AA2-966F6F4CFD7F}.Debug|x86.Build.0 = Debug|Win32
		{D4164431-CDF6-4318-9AA2-966F6F4CFD7F}.Release|ARM.ActiveCfg = Release|Win32
		{D4164431-CDF6-4318-9AA2-966F6F4CFD7F}.Release|x86.ActiveCfg = Release|Win32
		{D4164431-CDF6-4318-9AA2-966F6F4CFD7F}.Release|x86.Build.0 = Release|Win32
		{EE13B552-E647-4C74-BFBB-FD3A600895CD}.Debug|ARM.ActiveCfg = Debug|Win32
		{EE13B552-E647-4C74-BFBB-FD3A600895CD}.Debug|x86.ActiveCfg = Debug|Win32
		{EE13B552-E647-4C74-BFBB-FD3A600895CD}.Debug|x86.Build.0 = Debug|Win32
		{EE13B552-E647-4C74-BFBB-FD3A600895CD}.Release|ARM.ActiveCfg = Release|Win32
		{EE13B552-E647-4C74-BFBB-FD3A600895CD}.Release|x86.ActiveCfg = Release|Win32
		{EE13B552-E647-4C74-BFBB-FD3A600895CD}.Release|x86.Build.0 = Release|Win32
		{17E8DB38-B8C8-4CCD-898E-9AE968778C8D}.Debug|ARM.ActiveCfg = Debug|Win32
		{17E8DB38-B8C8-4CCD-898E-9AE968778C8D}.Debug|x86.ActiveCfg = Debug|Win32
		{17E8DB38-B8C8-4CCD-898E-9AE968778C8D}.Debug|x86.Build.0 = Debug|Win32
		{17E8DB38-B8C8-4CCD-898E-9AE968778C8D}.Release|ARM.ActiveCfg = Release|Win32
		{17E8DB38-B8C8-4CCD-898E-9AE968778C8D}.Release|x86.ActiveCfg = Release|Win32
		{17E8DB38-B8C8-4CCD-898E-9AE968778C8D}.Release|x86.Build.0 = Release|Win32
	EndGlobalSection
	GlobalSection(SolutionProperties) = preSolution
		HideSolutionNode = FALSE
	EndGlobalSection
	GlobalSection(ExtensibilityGlobals) = postSolution
		SolutionGuid = {7C99EC2C-DC6C-4C42-8C04-01AD033EA65F}
	EndGlobalSection
EndGlobal
