
Microsoft Visual Studio Solution File, Format Version 12.00
# Visual Studio 15
VisualStudioVersion = 15.0.28307.168
MinimumVisualStudioVersion = 10.0.40219.1
Project("{8BC9CEB8-8B4A-11D0-8D11-00A0C91BC942}") = "ClockExample", "Clock\examples\ClockExample\ClockExample.vcxproj", "{57DC80F9-6CC7-4C1D-A9AD-558D0D7A906F}"
EndProject
Project("{8BC9CEB8-8B4A-11D0-8D11-00A0C91BC942}") = "MultiCrystalExample", "MultiCrystal\examples\MultiCrystalExample\MultiCrystalExample.vcxproj", "{CBE8E7F2-3B66-48D9-BA3E-74B3AD31481D}"
EndProject
Project("{8BC9CEB8-8B4A-11D0-8D11-00A0C91BC942}") = "RDB_Example", "RDB\examples\RDB_Example\RDB_Example.vcxproj", "{8A08AEA9-0EF1-47B0-9489-5D42E3749574}"
EndProject
Project("{8BC9CEB8-8B4A-11D0-8D11-00A0C91BC942}") = "SJD_10_TestRelays", "..\..\Sketches\SJD_10_TestRelays\SJD_10_TestRelays.vcxproj", "{12012E94-2B10-4B3A-881D-17345F56B651}"
EndProject
Project("{8BC9CEB8-8B4A-11D0-8D11-00A0C91BC942}") = "SJD_08_TestI2C", "..\..\Sketches\SJD_08_TestI2C\SJD_08_TestI2C.vcxproj", "{D4164431-CDF6-4318-9AA2-966F6F4CFD7F}"
EndProject
Project("{8BC9CEB8-8B4A-11D0-8D11-00A0C91BC942}") = "SJD_10b_TestRelayReset", "..\SJD_10b_TestRelayReset\SJD_10b_TestRelayReset.vcxproj", "{17E8DB38-B8C8-4CCD-898E-9AE968778C8D}"
EndProject
Project("{8BC9CEB8-8B4A-11D0-8D11-00A0C91BC942}") = "SJD_12_TestRemoteDisplay", "..\..\Sketches\SJD_12_TestRemoteDisplay\SJD_12_TestRemoteDisplay.vcxproj", "{3AA3F6B1-5520-469C-B0D2-A7F2319A2AD7}"
EndProject
Project("{8BC9CEB8-8B4A-11D0-8D11-00A0C91BC942}") = "Arduino", "..\..\VS_Projects\NewHeatingSystem\Arduino\Arduino.vcxproj", "{638772E8-0D64-4264-AE4B-AE75E36A1DE9}"
EndProject
Project("{8BC9CEB8-8B4A-11D0-8D11-00A0C91BC942}") = "I2C_Talk_Test_x86", "..\..\VS_Projects\NewHeatingSystem\I2C_Talk_Test_x86\I2C_Talk_Test_x86.vcxproj", "{8FC10D35-25D2-4A27-94AE-BA7306E2C529}"
EndProject
Project("{8BC9CEB8-8B4A-11D0-8D11-00A0C91BC942}") = "I2C_Talk_Basic", "..\..\VS_Projects\Test Libraries\I2C_Talk\I2C_Talk_Basic.vcxproj", "{C5F80730-F44F-4478-BDAE-6634EFC2CA88}"
EndProject
Project("{8BC9CEB8-8B4A-11D0-8D11-00A0C91BC942}") = "I2C_SpeedTest_Device", "I2C_Talk\examples\I2C_SpeedTest_Device\I2C_SpeedTest_Device.vcxproj", "{26DA381B-DC40-40B0-AF1A-D9C269A452D9}"
EndProject
Project("{8BC9CEB8-8B4A-11D0-8D11-00A0C91BC942}") = "I2C_Talk_AutoSpeed", "..\..\VS_Projects\Test Libraries\I2C_Talk\I2C_Talk_AutoSpeed.vcxproj", "{A59DB3DE-98C3-4E66-B42D-24198353D26C}"
EndProject
Project("{8BC9CEB8-8B4A-11D0-8D11-00A0C91BC942}") = "EEPROM_Example", "EEPROM\examples\EEPROM_Example\EEPROM_Example.vcxproj", "{6CDFC510-4775-4459-8938-9931F8DA1C51}"
EndProject
Project("{8BC9CEB8-8B4A-11D0-8D11-00A0C91BC942}") = "I2C_TestAndLog", "I2C_Talk\examples\I2C_TestAndLog\I2C_TestAndLog.vcxproj", "{618D7F4C-D426-43FD-B7C6-3A7C11A1ED4C}"
EndProject
Project("{8BC9CEB8-8B4A-11D0-8D11-00A0C91BC942}") = "I2C_eeprom_test", "I2C_EEPROM\examples\I2C_eeprom_test\I2C_eeprom_test.vcxproj", "{002D40E6-35F6-4CD5-9B5E-48FCCEDCECB3}"
EndProject
Project("{8BC9CEB8-8B4A-11D0-8D11-00A0C91BC942}") = "Test RDB", "..\..\VS_Projects\NewHeatingSystem\Test RDB\Test RDB.vcxproj", "{98045B43-1BCF-400C-B88B-4EFB0B8C94B8}"
EndProject
Project("{8BC9CEB8-8B4A-11D0-8D11-00A0C91BC942}") = "CardInfo", "..\..\..\Arduino_Install\libraries\SD\examples\CardInfo\CardInfo.vcxproj", "{14A8982B-B1DC-448A-9F8F-D151A40D4151}"
EndProject
Project("{8BC9CEB8-8B4A-11D0-8D11-00A0C91BC942}") = "Logger", "Logging\examples\Logger\Logger.vcxproj", "{93BF43DB-F3B7-4D45-BC81-994BEDA086F5}"
EndProject
Project("{8BC9CEB8-8B4A-11D0-8D11-00A0C91BC942}") = "Logger_Test_x86", "..\..\VS_Projects\Test Libraries\Logger_Test_x86.vcxproj", "{75D3FFA6-5B93-4419-8D7B-ECD35BD463A0}"
EndProject
Global
	GlobalSection(SolutionConfigurationPlatforms) = preSolution
		Debug|ARM = Debug|ARM
		Debug|x64 = Debug|x64
		Debug|x86 = Debug|x86
		Release|ARM = Release|ARM
		Release|x64 = Release|x64
		Release|x86 = Release|x86
	EndGlobalSection
	GlobalSection(ProjectConfigurationPlatforms) = postSolution
		{57DC80F9-6CC7-4C1D-A9AD-558D0D7A906F}.Debug|ARM.ActiveCfg = Debug|Win32
		{57DC80F9-6CC7-4C1D-A9AD-558D0D7A906F}.Debug|x64.ActiveCfg = Debug|Win32
		{57DC80F9-6CC7-4C1D-A9AD-558D0D7A906F}.Debug|x86.ActiveCfg = Debug|Win32
		{57DC80F9-6CC7-4C1D-A9AD-558D0D7A906F}.Debug|x86.Build.0 = Debug|Win32
		{57DC80F9-6CC7-4C1D-A9AD-558D0D7A906F}.Release|ARM.ActiveCfg = Release|Win32
		{57DC80F9-6CC7-4C1D-A9AD-558D0D7A906F}.Release|x64.ActiveCfg = Release|Win32
		{57DC80F9-6CC7-4C1D-A9AD-558D0D7A906F}.Release|x86.ActiveCfg = Release|Win32
		{57DC80F9-6CC7-4C1D-A9AD-558D0D7A906F}.Release|x86.Build.0 = Release|Win32
		{CBE8E7F2-3B66-48D9-BA3E-74B3AD31481D}.Debug|ARM.ActiveCfg = Debug|Win32
		{CBE8E7F2-3B66-48D9-BA3E-74B3AD31481D}.Debug|x64.ActiveCfg = Debug|Win32
		{CBE8E7F2-3B66-48D9-BA3E-74B3AD31481D}.Debug|x86.ActiveCfg = Debug|Win32
		{CBE8E7F2-3B66-48D9-BA3E-74B3AD31481D}.Debug|x86.Build.0 = Debug|Win32
		{CBE8E7F2-3B66-48D9-BA3E-74B3AD31481D}.Release|ARM.ActiveCfg = Release|Win32
		{CBE8E7F2-3B66-48D9-BA3E-74B3AD31481D}.Release|x64.ActiveCfg = Release|Win32
		{CBE8E7F2-3B66-48D9-BA3E-74B3AD31481D}.Release|x86.ActiveCfg = Release|Win32
		{CBE8E7F2-3B66-48D9-BA3E-74B3AD31481D}.Release|x86.Build.0 = Release|Win32
		{8A08AEA9-0EF1-47B0-9489-5D42E3749574}.Debug|ARM.ActiveCfg = Debug|ARM
		{8A08AEA9-0EF1-47B0-9489-5D42E3749574}.Debug|x64.ActiveCfg = Debug|Win32
		{8A08AEA9-0EF1-47B0-9489-5D42E3749574}.Debug|x86.ActiveCfg = Debug|Win32
		{8A08AEA9-0EF1-47B0-9489-5D42E3749574}.Debug|x86.Build.0 = Debug|Win32
		{8A08AEA9-0EF1-47B0-9489-5D42E3749574}.Release|ARM.ActiveCfg = Release|ARM
		{8A08AEA9-0EF1-47B0-9489-5D42E3749574}.Release|ARM.Build.0 = Release|ARM
		{8A08AEA9-0EF1-47B0-9489-5D42E3749574}.Release|x64.ActiveCfg = Release|Win32
		{8A08AEA9-0EF1-47B0-9489-5D42E3749574}.Release|x86.ActiveCfg = Release|Win32
		{8A08AEA9-0EF1-47B0-9489-5D42E3749574}.Release|x86.Build.0 = Release|Win32
		{12012E94-2B10-4B3A-881D-17345F56B651}.Debug|ARM.ActiveCfg = Debug|Win32
		{12012E94-2B10-4B3A-881D-17345F56B651}.Debug|x64.ActiveCfg = Debug|Win32
		{12012E94-2B10-4B3A-881D-17345F56B651}.Debug|x86.ActiveCfg = Debug|Win32
		{12012E94-2B10-4B3A-881D-17345F56B651}.Debug|x86.Build.0 = Debug|Win32
		{12012E94-2B10-4B3A-881D-17345F56B651}.Release|ARM.ActiveCfg = Release|Win32
		{12012E94-2B10-4B3A-881D-17345F56B651}.Release|x64.ActiveCfg = Release|Win32
		{12012E94-2B10-4B3A-881D-17345F56B651}.Release|x86.ActiveCfg = Release|Win32
		{12012E94-2B10-4B3A-881D-17345F56B651}.Release|x86.Build.0 = Release|Win32
		{D4164431-CDF6-4318-9AA2-966F6F4CFD7F}.Debug|ARM.ActiveCfg = Debug|Win32
		{D4164431-CDF6-4318-9AA2-966F6F4CFD7F}.Debug|x64.ActiveCfg = Debug|Win32
		{D4164431-CDF6-4318-9AA2-966F6F4CFD7F}.Debug|x86.ActiveCfg = Debug|Win32
		{D4164431-CDF6-4318-9AA2-966F6F4CFD7F}.Debug|x86.Build.0 = Debug|Win32
		{D4164431-CDF6-4318-9AA2-966F6F4CFD7F}.Release|ARM.ActiveCfg = Release|Win32
		{D4164431-CDF6-4318-9AA2-966F6F4CFD7F}.Release|x64.ActiveCfg = Release|Win32
		{D4164431-CDF6-4318-9AA2-966F6F4CFD7F}.Release|x86.ActiveCfg = Release|Win32
		{D4164431-CDF6-4318-9AA2-966F6F4CFD7F}.Release|x86.Build.0 = Release|Win32
		{17E8DB38-B8C8-4CCD-898E-9AE968778C8D}.Debug|ARM.ActiveCfg = Debug|Win32
		{17E8DB38-B8C8-4CCD-898E-9AE968778C8D}.Debug|x64.ActiveCfg = Debug|Win32
		{17E8DB38-B8C8-4CCD-898E-9AE968778C8D}.Debug|x86.ActiveCfg = Debug|Win32
		{17E8DB38-B8C8-4CCD-898E-9AE968778C8D}.Debug|x86.Build.0 = Debug|Win32
		{17E8DB38-B8C8-4CCD-898E-9AE968778C8D}.Release|ARM.ActiveCfg = Release|Win32
		{17E8DB38-B8C8-4CCD-898E-9AE968778C8D}.Release|x64.ActiveCfg = Release|Win32
		{17E8DB38-B8C8-4CCD-898E-9AE968778C8D}.Release|x86.ActiveCfg = Release|Win32
		{17E8DB38-B8C8-4CCD-898E-9AE968778C8D}.Release|x86.Build.0 = Release|Win32
		{3AA3F6B1-5520-469C-B0D2-A7F2319A2AD7}.Debug|ARM.ActiveCfg = Debug|Win32
		{3AA3F6B1-5520-469C-B0D2-A7F2319A2AD7}.Debug|x64.ActiveCfg = Debug|Win32
		{3AA3F6B1-5520-469C-B0D2-A7F2319A2AD7}.Debug|x86.ActiveCfg = Debug|Win32
		{3AA3F6B1-5520-469C-B0D2-A7F2319A2AD7}.Debug|x86.Build.0 = Debug|Win32
		{3AA3F6B1-5520-469C-B0D2-A7F2319A2AD7}.Release|ARM.ActiveCfg = Release|Win32
		{3AA3F6B1-5520-469C-B0D2-A7F2319A2AD7}.Release|x64.ActiveCfg = Release|Win32
		{3AA3F6B1-5520-469C-B0D2-A7F2319A2AD7}.Release|x86.ActiveCfg = Release|Win32
		{3AA3F6B1-5520-469C-B0D2-A7F2319A2AD7}.Release|x86.Build.0 = Release|Win32
		{638772E8-0D64-4264-AE4B-AE75E36A1DE9}.Debug|ARM.ActiveCfg = Debug|ARM
		{638772E8-0D64-4264-AE4B-AE75E36A1DE9}.Debug|ARM.Build.0 = Debug|ARM
		{638772E8-0D64-4264-AE4B-AE75E36A1DE9}.Debug|x64.ActiveCfg = Debug|x64
		{638772E8-0D64-4264-AE4B-AE75E36A1DE9}.Debug|x64.Build.0 = Debug|x64
		{638772E8-0D64-4264-AE4B-AE75E36A1DE9}.Debug|x86.ActiveCfg = Debug|Win32
		{638772E8-0D64-4264-AE4B-AE75E36A1DE9}.Debug|x86.Build.0 = Debug|Win32
		{638772E8-0D64-4264-AE4B-AE75E36A1DE9}.Release|ARM.ActiveCfg = Release|ARM
		{638772E8-0D64-4264-AE4B-AE75E36A1DE9}.Release|ARM.Build.0 = Release|ARM
		{638772E8-0D64-4264-AE4B-AE75E36A1DE9}.Release|x64.ActiveCfg = Release|x64
		{638772E8-0D64-4264-AE4B-AE75E36A1DE9}.Release|x64.Build.0 = Release|x64
		{638772E8-0D64-4264-AE4B-AE75E36A1DE9}.Release|x86.ActiveCfg = Release|Win32
		{638772E8-0D64-4264-AE4B-AE75E36A1DE9}.Release|x86.Build.0 = Release|Win32
		{8FC10D35-25D2-4A27-94AE-BA7306E2C529}.Debug|ARM.ActiveCfg = Debug|Win32
		{8FC10D35-25D2-4A27-94AE-BA7306E2C529}.Debug|x64.ActiveCfg = Debug|x64
		{8FC10D35-25D2-4A27-94AE-BA7306E2C529}.Debug|x64.Build.0 = Debug|x64
		{8FC10D35-25D2-4A27-94AE-BA7306E2C529}.Debug|x86.ActiveCfg = Debug|Win32
		{8FC10D35-25D2-4A27-94AE-BA7306E2C529}.Debug|x86.Build.0 = Debug|Win32
		{8FC10D35-25D2-4A27-94AE-BA7306E2C529}.Release|ARM.ActiveCfg = Release|Win32
		{8FC10D35-25D2-4A27-94AE-BA7306E2C529}.Release|x64.ActiveCfg = Release|x64
		{8FC10D35-25D2-4A27-94AE-BA7306E2C529}.Release|x64.Build.0 = Release|x64
		{8FC10D35-25D2-4A27-94AE-BA7306E2C529}.Release|x86.ActiveCfg = Release|Win32
		{8FC10D35-25D2-4A27-94AE-BA7306E2C529}.Release|x86.Build.0 = Release|Win32
		{C5F80730-F44F-4478-BDAE-6634EFC2CA88}.Debug|ARM.ActiveCfg = Debug|Win32
		{C5F80730-F44F-4478-BDAE-6634EFC2CA88}.Debug|x64.ActiveCfg = Debug|Win32
		{C5F80730-F44F-4478-BDAE-6634EFC2CA88}.Debug|x86.ActiveCfg = Debug|Win32
		{C5F80730-F44F-4478-BDAE-6634EFC2CA88}.Debug|x86.Build.0 = Debug|Win32
		{C5F80730-F44F-4478-BDAE-6634EFC2CA88}.Release|ARM.ActiveCfg = Release|Win32
		{C5F80730-F44F-4478-BDAE-6634EFC2CA88}.Release|x64.ActiveCfg = Release|Win32
		{C5F80730-F44F-4478-BDAE-6634EFC2CA88}.Release|x86.ActiveCfg = Release|Win32
		{C5F80730-F44F-4478-BDAE-6634EFC2CA88}.Release|x86.Build.0 = Release|Win32
		{26DA381B-DC40-40B0-AF1A-D9C269A452D9}.Debug|ARM.ActiveCfg = Debug|Win32
		{26DA381B-DC40-40B0-AF1A-D9C269A452D9}.Debug|x64.ActiveCfg = Debug|Win32
		{26DA381B-DC40-40B0-AF1A-D9C269A452D9}.Debug|x86.ActiveCfg = Debug|Win32
		{26DA381B-DC40-40B0-AF1A-D9C269A452D9}.Debug|x86.Build.0 = Debug|Win32
		{26DA381B-DC40-40B0-AF1A-D9C269A452D9}.Release|ARM.ActiveCfg = Release|Win32
		{26DA381B-DC40-40B0-AF1A-D9C269A452D9}.Release|x64.ActiveCfg = Release|Win32
		{26DA381B-DC40-40B0-AF1A-D9C269A452D9}.Release|x86.ActiveCfg = Release|Win32
		{26DA381B-DC40-40B0-AF1A-D9C269A452D9}.Release|x86.Build.0 = Release|Win32
		{A59DB3DE-98C3-4E66-B42D-24198353D26C}.Debug|ARM.ActiveCfg = Debug|Win32
		{A59DB3DE-98C3-4E66-B42D-24198353D26C}.Debug|x64.ActiveCfg = Debug|Win32
		{A59DB3DE-98C3-4E66-B42D-24198353D26C}.Debug|x86.ActiveCfg = Debug|Win32
		{A59DB3DE-98C3-4E66-B42D-24198353D26C}.Debug|x86.Build.0 = Debug|Win32
		{A59DB3DE-98C3-4E66-B42D-24198353D26C}.Release|ARM.ActiveCfg = Release|Win32
		{A59DB3DE-98C3-4E66-B42D-24198353D26C}.Release|x64.ActiveCfg = Release|Win32
		{A59DB3DE-98C3-4E66-B42D-24198353D26C}.Release|x86.ActiveCfg = Release|Win32
		{A59DB3DE-98C3-4E66-B42D-24198353D26C}.Release|x86.Build.0 = Release|Win32
		{6CDFC510-4775-4459-8938-9931F8DA1C51}.Debug|ARM.ActiveCfg = Debug|Win32
		{6CDFC510-4775-4459-8938-9931F8DA1C51}.Debug|x64.ActiveCfg = Debug|Win32
		{6CDFC510-4775-4459-8938-9931F8DA1C51}.Debug|x86.ActiveCfg = Debug|Win32
		{6CDFC510-4775-4459-8938-9931F8DA1C51}.Debug|x86.Build.0 = Debug|Win32
		{6CDFC510-4775-4459-8938-9931F8DA1C51}.Release|ARM.ActiveCfg = Release|Win32
		{6CDFC510-4775-4459-8938-9931F8DA1C51}.Release|x64.ActiveCfg = Release|Win32
		{6CDFC510-4775-4459-8938-9931F8DA1C51}.Release|x86.ActiveCfg = Release|Win32
		{6CDFC510-4775-4459-8938-9931F8DA1C51}.Release|x86.Build.0 = Release|Win32
		{618D7F4C-D426-43FD-B7C6-3A7C11A1ED4C}.Debug|ARM.ActiveCfg = Debug|Win32
		{618D7F4C-D426-43FD-B7C6-3A7C11A1ED4C}.Debug|x64.ActiveCfg = Debug|Win32
		{618D7F4C-D426-43FD-B7C6-3A7C11A1ED4C}.Debug|x86.ActiveCfg = Debug|Win32
		{618D7F4C-D426-43FD-B7C6-3A7C11A1ED4C}.Debug|x86.Build.0 = Debug|Win32
		{618D7F4C-D426-43FD-B7C6-3A7C11A1ED4C}.Release|ARM.ActiveCfg = Release|Win32
		{618D7F4C-D426-43FD-B7C6-3A7C11A1ED4C}.Release|x64.ActiveCfg = Release|Win32
		{618D7F4C-D426-43FD-B7C6-3A7C11A1ED4C}.Release|x86.ActiveCfg = Release|Win32
		{618D7F4C-D426-43FD-B7C6-3A7C11A1ED4C}.Release|x86.Build.0 = Release|Win32
		{002D40E6-35F6-4CD5-9B5E-48FCCEDCECB3}.Debug|ARM.ActiveCfg = Debug|Win32
		{002D40E6-35F6-4CD5-9B5E-48FCCEDCECB3}.Debug|x64.ActiveCfg = Debug|Win32
		{002D40E6-35F6-4CD5-9B5E-48FCCEDCECB3}.Debug|x86.ActiveCfg = Debug|Win32
		{002D40E6-35F6-4CD5-9B5E-48FCCEDCECB3}.Debug|x86.Build.0 = Debug|Win32
		{002D40E6-35F6-4CD5-9B5E-48FCCEDCECB3}.Release|ARM.ActiveCfg = Release|Win32
		{002D40E6-35F6-4CD5-9B5E-48FCCEDCECB3}.Release|x64.ActiveCfg = Release|Win32
		{002D40E6-35F6-4CD5-9B5E-48FCCEDCECB3}.Release|x86.ActiveCfg = Release|Win32
		{002D40E6-35F6-4CD5-9B5E-48FCCEDCECB3}.Release|x86.Build.0 = Release|Win32
		{98045B43-1BCF-400C-B88B-4EFB0B8C94B8}.Debug|ARM.ActiveCfg = Debug|Win32
		{98045B43-1BCF-400C-B88B-4EFB0B8C94B8}.Debug|x64.ActiveCfg = Debug|x64
		{98045B43-1BCF-400C-B88B-4EFB0B8C94B8}.Debug|x64.Build.0 = Debug|x64
		{98045B43-1BCF-400C-B88B-4EFB0B8C94B8}.Debug|x86.ActiveCfg = Debug|Win32
		{98045B43-1BCF-400C-B88B-4EFB0B8C94B8}.Debug|x86.Build.0 = Debug|Win32
		{98045B43-1BCF-400C-B88B-4EFB0B8C94B8}.Release|ARM.ActiveCfg = Release|Win32
		{98045B43-1BCF-400C-B88B-4EFB0B8C94B8}.Release|x64.ActiveCfg = Release|x64
		{98045B43-1BCF-400C-B88B-4EFB0B8C94B8}.Release|x64.Build.0 = Release|x64
		{98045B43-1BCF-400C-B88B-4EFB0B8C94B8}.Release|x86.ActiveCfg = Release|Win32
		{98045B43-1BCF-400C-B88B-4EFB0B8C94B8}.Release|x86.Build.0 = Release|Win32
		{14A8982B-B1DC-448A-9F8F-D151A40D4151}.Debug|ARM.ActiveCfg = Debug|Win32
		{14A8982B-B1DC-448A-9F8F-D151A40D4151}.Debug|x64.ActiveCfg = Debug|Win32
		{14A8982B-B1DC-448A-9F8F-D151A40D4151}.Debug|x86.ActiveCfg = Debug|Win32
		{14A8982B-B1DC-448A-9F8F-D151A40D4151}.Debug|x86.Build.0 = Debug|Win32
		{14A8982B-B1DC-448A-9F8F-D151A40D4151}.Release|ARM.ActiveCfg = Release|Win32
		{14A8982B-B1DC-448A-9F8F-D151A40D4151}.Release|x64.ActiveCfg = Release|Win32
		{14A8982B-B1DC-448A-9F8F-D151A40D4151}.Release|x86.ActiveCfg = Release|Win32
		{14A8982B-B1DC-448A-9F8F-D151A40D4151}.Release|x86.Build.0 = Release|Win32
		{93BF43DB-F3B7-4D45-BC81-994BEDA086F5}.Debug|ARM.ActiveCfg = Debug|Win32
		{93BF43DB-F3B7-4D45-BC81-994BEDA086F5}.Debug|x64.ActiveCfg = Debug|Win32
		{93BF43DB-F3B7-4D45-BC81-994BEDA086F5}.Debug|x86.ActiveCfg = Debug|Win32
		{93BF43DB-F3B7-4D45-BC81-994BEDA086F5}.Debug|x86.Build.0 = Debug|Win32
		{93BF43DB-F3B7-4D45-BC81-994BEDA086F5}.Release|ARM.ActiveCfg = Release|Win32
		{93BF43DB-F3B7-4D45-BC81-994BEDA086F5}.Release|x64.ActiveCfg = Release|Win32
		{93BF43DB-F3B7-4D45-BC81-994BEDA086F5}.Release|x86.ActiveCfg = Release|Win32
		{93BF43DB-F3B7-4D45-BC81-994BEDA086F5}.Release|x86.Build.0 = Release|Win32
		{75D3FFA6-5B93-4419-8D7B-ECD35BD463A0}.Debug|ARM.ActiveCfg = Debug|Win32
		{75D3FFA6-5B93-4419-8D7B-ECD35BD463A0}.Debug|x64.ActiveCfg = Debug|x64
		{75D3FFA6-5B93-4419-8D7B-ECD35BD463A0}.Debug|x64.Build.0 = Debug|x64
		{75D3FFA6-5B93-4419-8D7B-ECD35BD463A0}.Debug|x86.ActiveCfg = Debug|Win32
		{75D3FFA6-5B93-4419-8D7B-ECD35BD463A0}.Debug|x86.Build.0 = Debug|Win32
		{75D3FFA6-5B93-4419-8D7B-ECD35BD463A0}.Release|ARM.ActiveCfg = Release|Win32
		{75D3FFA6-5B93-4419-8D7B-ECD35BD463A0}.Release|x64.ActiveCfg = Release|x64
		{75D3FFA6-5B93-4419-8D7B-ECD35BD463A0}.Release|x64.Build.0 = Release|x64
		{75D3FFA6-5B93-4419-8D7B-ECD35BD463A0}.Release|x86.ActiveCfg = Release|Win32
		{75D3FFA6-5B93-4419-8D7B-ECD35BD463A0}.Release|x86.Build.0 = Release|Win32
	EndGlobalSection
	GlobalSection(SolutionProperties) = preSolution
		HideSolutionNode = FALSE
	EndGlobalSection
	GlobalSection(ExtensibilityGlobals) = postSolution
		SolutionGuid = {7C99EC2C-DC6C-4C42-8C04-01AD033EA65F}
	EndGlobalSection
EndGlobal
