
Microsoft Visual Studio Solution File, Format Version 12.00
# Visual Studio Version 17
VisualStudioVersion = 17.0.31912.275
MinimumVisualStudioVersion = 10.0.40219.1
Project("{8BC9CEB8-8B4A-11D0-8D11-00A0C91BC942}") = "Arduino", "..\..\VS_Projects\NewHeatingSystem\Arduino\Arduino.vcxproj", "{638772E8-0D64-4264-AE4B-AE75E36A1DE9}"
EndProject
Project("{8BC9CEB8-8B4A-11D0-8D11-00A0C91BC942}") = "Client_DataStructures", "..\..\VS_Projects\NewHeatingSystem\Client_DataStructures\Client_DataStructures.vcxproj", "{ACE0D219-6D9F-47B1-895B-6238345D866C}"
EndProject
Project("{8BC9CEB8-8B4A-11D0-8D11-00A0C91BC942}") = "Emulator2", "..\..\VS_Projects\NewHeatingSystem\Emulator2\Emulator2.vcxproj", "{9DAD749E-3BD1-4D6E-9F65-52E66DDF0E82}"
EndProject
Project("{8BC9CEB8-8B4A-11D0-8D11-00A0C91BC942}") = "General_Purpose_Library", "..\..\VS_Projects\NewHeatingSystem\General_Purpose_Library\General_Purpose_Library.vcxproj", "{7775C75D-B1E9-4813-90A1-0B5E60A300EC}"
EndProject
Project("{8BC9CEB8-8B4A-11D0-8D11-00A0C91BC942}") = "HardwareInterfaces", "..\..\VS_Projects\NewHeatingSystem\HardwareInterfaces\HardwareInterfaces.vcxproj", "{BAD9A3B2-A0EE-4490-A1F2-D41049683732}"
EndProject
Project("{8BC9CEB8-8B4A-11D0-8D11-00A0C91BC942}") = "HeatingSystemAssembly", "..\..\VS_Projects\NewHeatingSystem\HeatingSystemAssembly\HeatingSystemAssembly.vcxproj", "{97164891-2135-45B6-8DF9-5119E0910784}"
EndProject
Project("{8BC9CEB8-8B4A-11D0-8D11-00A0C91BC942}") = "LCD_UI", "..\..\VS_Projects\NewHeatingSystem\LCD_UI\LCD_UI.vcxproj", "{761C4E75-30A3-4E30-BBB3-5BBFE402CAD1}"
EndProject
Project("{8BC9CEB8-8B4A-11D0-8D11-00A0C91BC942}") = "RelationalDatabase", "..\..\VS_Projects\NewHeatingSystem\RelationalDatabase\RelationalDatabase.vcxproj", "{E0568737-FF34-4467-A29C-44FBCCECCC00}"
EndProject
Project("{8BC9CEB8-8B4A-11D0-8D11-00A0C91BC942}") = "Test UI Basics with DB", "..\..\VS_Projects\NewHeatingSystem\Test UI Basics with DB\Test UI Basics with DB.vcxproj", "{5767823B-227A-4F07-8A36-2C6AF30B862E}"
EndProject
Project("{2150E333-8FDC-42A3-9474-1A3956D46DE8}") = "Solution Items", "Solution Items", "{1E620AD9-804F-4C1E-90EE-1AC002A26043}"
	ProjectSection(SolutionItems) = preProject
		I2C_Talk\examples\I2C_Port\I2C_Port.ino = I2C_Talk\examples\I2C_Port\I2C_Port.ino
		I2C_Talk\examples\I2C_Registers\I2C_Registers.ino = I2C_Talk\examples\I2C_Registers\I2C_Registers.ino
		I2C_Talk\examples\I2C_TestAndLog\I2C_TestAndLog.ino = I2C_Talk\examples\I2C_TestAndLog\I2C_TestAndLog.ino
		Keypad\examples\localKeypad\localKeypad.ino = Keypad\examples\localKeypad\localKeypad.ino
		Mix_Valve\examples\MixValve_Master\MixValve_Master.ino = Mix_Valve\examples\MixValve_Master\MixValve_Master.ino
		Mix_Valve\examples\MixValve_Slave\MixValve_Slave.ino = Mix_Valve\examples\MixValve_Slave\MixValve_Slave.ino
		Mix_Valve\examples\MonitorPSU\MonitorPSU.ino = Mix_Valve\examples\MonitorPSU\MonitorPSU.ino
		MultiCrystal\examples\MultiCrystalExample\MultiCrystalExample.ino = MultiCrystal\examples\MultiCrystalExample\MultiCrystalExample.ino
		Keypad\examples\OLED_Thick_Display\OLED_Thick_Display.ino = Keypad\examples\OLED_Thick_Display\OLED_Thick_Display.ino
		TempSensor\examples\read_i2c_tempSensors\read_i2c_tempSensors.ino = TempSensor\examples\read_i2c_tempSensors\read_i2c_tempSensors.ino
		Relays\examples\Relays_Slave\Relays_Slave.ino = Relays\examples\Relays_Slave\Relays_Slave.ino
		HeatingSystem\examples\SJD_NewHeatingSystem\SJD_NewHeatingSystem.ino = HeatingSystem\examples\SJD_NewHeatingSystem\SJD_NewHeatingSystem.ino
		Watchdog_Timer\examples\watchdog_test\watchdog_test.ino = Watchdog_Timer\examples\watchdog_test\watchdog_test.ino
	EndProjectSection
EndProject
Project("{2150E333-8FDC-42A3-9474-1A3956D46DE8}") = "Due", "Due", "{04A9DCA5-DA0B-42F7-900E-9DF92C531E80}"
	ProjectSection(SolutionItems) = preProject
		..\..\..\..\..\..\AppData\Local\arduino15\packages\arduino\hardware\sam\1.6.12\system\libsam\chip.h = ..\..\..\..\..\..\AppData\Local\arduino15\packages\arduino\hardware\sam\1.6.12\system\libsam\chip.h
		..\..\..\..\..\..\AppData\Local\arduino15\packages\arduino\hardware\sam\1.6.12\system\CMSIS\Device\ATMEL\sam3xa\include\component\component_wdt.h = ..\..\..\..\..\..\AppData\Local\arduino15\packages\arduino\hardware\sam\1.6.12\system\CMSIS\Device\ATMEL\sam3xa\include\component\component_wdt.h
		..\..\..\..\..\..\AppData\Local\arduino15\packages\arduino\hardware\sam\1.6.12\libraries\SD\src\File.cpp = ..\..\..\..\..\..\AppData\Local\arduino15\packages\arduino\hardware\sam\1.6.12\libraries\SD\src\File.cpp
		..\..\..\..\..\..\AppData\Local\arduino15\packages\arduino\hardware\sam\1.6.12\system\CMSIS\Device\ATMEL\sam3xa\include\sam3x8e.h = ..\..\..\..\..\..\AppData\Local\arduino15\packages\arduino\hardware\sam\1.6.12\system\CMSIS\Device\ATMEL\sam3xa\include\sam3x8e.h
		..\..\..\..\..\..\AppData\Local\arduino15\packages\arduino\hardware\sam\1.6.12\libraries\SD\src\SD.cpp = ..\..\..\..\..\..\AppData\Local\arduino15\packages\arduino\hardware\sam\1.6.12\libraries\SD\src\SD.cpp
		..\..\..\..\..\..\AppData\Local\arduino15\packages\arduino\hardware\sam\1.6.12\libraries\SD\src\SD.h = ..\..\..\..\..\..\AppData\Local\arduino15\packages\arduino\hardware\sam\1.6.12\libraries\SD\src\SD.h
		..\..\..\..\..\..\AppData\Local\arduino15\packages\arduino\hardware\sam\1.6.12\libraries\SD\src\utility\SdFile.cpp = ..\..\..\..\..\..\AppData\Local\arduino15\packages\arduino\hardware\sam\1.6.12\libraries\SD\src\utility\SdFile.cpp
		..\..\..\..\..\..\AppData\Local\arduino15\packages\arduino\hardware\sam\1.6.12\system\libsam\source\twi.c = ..\..\..\..\..\..\AppData\Local\arduino15\packages\arduino\hardware\sam\1.6.12\system\libsam\source\twi.c
		..\..\..\..\..\..\AppData\Local\arduino15\packages\arduino\hardware\sam\1.6.12\system\libsam\include\twi.h = ..\..\..\..\..\..\AppData\Local\arduino15\packages\arduino\hardware\sam\1.6.12\system\libsam\include\twi.h
		..\..\..\..\..\..\AppData\Local\arduino15\packages\arduino\hardware\sam\1.6.12\cores\arduino\watchdog.cpp = ..\..\..\..\..\..\AppData\Local\arduino15\packages\arduino\hardware\sam\1.6.12\cores\arduino\watchdog.cpp
		..\..\..\..\..\..\AppData\Local\arduino15\packages\arduino\hardware\sam\1.6.12\cores\arduino\watchdog.h = ..\..\..\..\..\..\AppData\Local\arduino15\packages\arduino\hardware\sam\1.6.12\cores\arduino\watchdog.h
		..\..\..\..\..\..\AppData\Local\arduino15\packages\arduino\hardware\sam\1.6.12\system\libsam\source\wdt.c = ..\..\..\..\..\..\AppData\Local\arduino15\packages\arduino\hardware\sam\1.6.12\system\libsam\source\wdt.c
		..\..\..\..\..\..\AppData\Local\arduino15\packages\arduino\hardware\sam\1.6.12\system\libsam\include\wdt.h = ..\..\..\..\..\..\AppData\Local\arduino15\packages\arduino\hardware\sam\1.6.12\system\libsam\include\wdt.h
		..\..\..\..\..\..\AppData\Local\arduino15\packages\arduino\hardware\sam\1.6.12\libraries\Wire\src\Wire.cpp = ..\..\..\..\..\..\AppData\Local\arduino15\packages\arduino\hardware\sam\1.6.12\libraries\Wire\src\Wire.cpp
		..\..\..\..\..\..\AppData\Local\arduino15\packages\arduino\hardware\sam\1.6.12\libraries\Wire\src\Wire.h = ..\..\..\..\..\..\AppData\Local\arduino15\packages\arduino\hardware\sam\1.6.12\libraries\Wire\src\Wire.h
	EndProjectSection
EndProject
Project("{2150E333-8FDC-42A3-9474-1A3956D46DE8}") = "AVR", "AVR", "{3A89E558-0F5D-451B-8200-DC46494A3C90}"
	ProjectSection(SolutionItems) = preProject
		..\..\..\..\..\..\AppData\Local\arduino15\packages\arduino\hardware\avr\1.8.4\libraries\EEPROM\src\EEPROM.h = ..\..\..\..\..\..\AppData\Local\arduino15\packages\arduino\hardware\avr\1.8.4\libraries\EEPROM\src\EEPROM.h
		..\..\..\..\..\..\AppData\Local\arduino15\packages\arduino\hardware\avr\1.8.4\libraries\Wire\src\utility\twi.c = ..\..\..\..\..\..\AppData\Local\arduino15\packages\arduino\hardware\avr\1.8.4\libraries\Wire\src\utility\twi.c
		..\..\..\..\..\..\AppData\Local\arduino15\packages\arduino\hardware\avr\1.8.4\libraries\Wire\src\utility\twi.h = ..\..\..\..\..\..\AppData\Local\arduino15\packages\arduino\hardware\avr\1.8.4\libraries\Wire\src\utility\twi.h
		..\..\..\..\..\..\AppData\Local\arduino15\packages\arduino\hardware\avr\1.8.4\libraries\Wire\src\Wire.cpp = ..\..\..\..\..\..\AppData\Local\arduino15\packages\arduino\hardware\avr\1.8.4\libraries\Wire\src\Wire.cpp
		..\..\..\..\..\..\AppData\Local\arduino15\packages\arduino\hardware\avr\1.8.4\libraries\Wire\src\Wire.h = ..\..\..\..\..\..\AppData\Local\arduino15\packages\arduino\hardware\avr\1.8.4\libraries\Wire\src\Wire.h
	EndProjectSection
EndProject
Project("{8BC9CEB8-8B4A-11D0-8D11-00A0C91BC942}") = "I2C_Port", "I2C_Talk\examples\I2C_Port\I2C_Port.vcxproj", "{318D372E-3D24-4D43-B60C-BDE037753CB4}"
EndProject
Project("{8BC9CEB8-8B4A-11D0-8D11-00A0C91BC942}") = "ClockExample", "Clock\examples\ClockExample\ClockExample.vcxproj", "{57DC80F9-6CC7-4C1D-A9AD-558D0D7A906F}"
EndProject
Project("{8BC9CEB8-8B4A-11D0-8D11-00A0C91BC942}") = "led_blink", "PinObject\examples\led_blink\led_blink.vcxproj", "{92DA9C70-09F5-4FBA-8F9C-098B12F81848}"
EndProject
Project("{8BC9CEB8-8B4A-11D0-8D11-00A0C91BC942}") = "led_blink_emulate", "PinObject\examples\led_blink\led_blink_emulate\led_blink_emulate.vcxproj", "{F51A6853-021E-4517-B216-400B92178CD0}"
EndProject
Project("{8BC9CEB8-8B4A-11D0-8D11-00A0C91BC942}") = "EE_Logger", "Logging\examples\EE_Logger\EE_Logger.vcxproj", "{E97E0323-F3C4-4182-A66C-25146C825330}"
EndProject
Project("{8BC9CEB8-8B4A-11D0-8D11-00A0C91BC942}") = "Test Collections", "..\..\VS_Projects\NewHeatingSystem\Test Collections\Test Collections.vcxproj", "{9816E000-1E25-42EC-8CB7-871144713A05}"
EndProject
Project("{8BC9CEB8-8B4A-11D0-8D11-00A0C91BC942}") = "Test UI Basics", "..\..\VS_Projects\NewHeatingSystem\Test UI Basics\Test UI Basics.vcxproj", "{8981DC8C-78CE-4EE2-A149-7AA870265467}"
EndProject
Project("{8BC9CEB8-8B4A-11D0-8D11-00A0C91BC942}") = "Test RDB", "..\..\VS_Projects\NewHeatingSystem\Test RDB\Test RDB.vcxproj", "{98045B43-1BCF-400C-B88B-4EFB0B8C94B8}"
EndProject
Project("{8BC9CEB8-8B4A-11D0-8D11-00A0C91BC942}") = "Test CurveMatch", "..\..\VS_Projects\Test Libraries\Test CurveMatch\Test CurveMatch.vcxproj", "{17FA0A00-3183-480B-BE0E-F2C6EFF4CB91}"
EndProject
Project("{8BC9CEB8-8B4A-11D0-8D11-00A0C91BC942}") = "Test Clock and DateTime", "..\..\VS_Projects\Test Libraries\Test Clock and DateTime\Test Clock and DateTime.vcxproj", "{3DAA4623-8197-4ECF-8F83-1E1C3DBBC349}"
EndProject
Project("{8BC9CEB8-8B4A-11D0-8D11-00A0C91BC942}") = "Test Sequencer", "..\..\VS_Projects\NewHeatingSystem\Test Sequencer\Test Sequencer.vcxproj", "{0814AA9A-0C7C-49B5-9695-08F7BFB2D54E}"
EndProject
Project("{8BC9CEB8-8B4A-11D0-8D11-00A0C91BC942}") = "Test Zone Preheat", "..\..\VS_Projects\NewHeatingSystem\Test Zone Preheat\Test Zone Preheat.vcxproj", "{2E10EC00-156C-4F57-A4FC-5E138136D6FA}"
EndProject
Project("{8BC9CEB8-8B4A-11D0-8D11-00A0C91BC942}") = "StdLogger", "..\..\VS_Projects\Std_Logger\StdLogger.vcxproj", "{4CEE2C5A-65D2-462A-81FC-AD5183AB3843}"
EndProject
Project("{2150E333-8FDC-42A3-9474-1A3956D46DE8}") = "MiniCore", "MiniCore", "{A3470CF9-2D34-49DF-94B6-933400C72FCE}"
	ProjectSection(SolutionItems) = preProject
		..\..\..\..\..\..\AppData\Local\arduino15\packages\MiniCore\hardware\avr\2.0.9\libraries\Wire\src\utility\twi.c = ..\..\..\..\..\..\AppData\Local\arduino15\packages\MiniCore\hardware\avr\2.0.9\libraries\Wire\src\utility\twi.c
		..\..\..\..\..\..\AppData\Local\arduino15\packages\MiniCore\hardware\avr\2.0.9\libraries\Wire\src\utility\twi.h = ..\..\..\..\..\..\AppData\Local\arduino15\packages\MiniCore\hardware\avr\2.0.9\libraries\Wire\src\utility\twi.h
	EndProjectSection
EndProject
Project("{2150E333-8FDC-42A3-9474-1A3956D46DE8}") = "SJD Modified", "SJD Modified", "{7452347B-7166-4353-B604-5735B16AC9E5}"
	ProjectSection(SolutionItems) = preProject
		Logging\examples\SD_Test\SD_Test.ino = Logging\examples\SD_Test\SD_Test.ino
		..\..\SJD Modified Core Librarys\Wire_AVR\utility\twi.c = ..\..\SJD Modified Core Librarys\Wire_AVR\utility\twi.c
		..\..\SJD Modified Core Librarys\Wire_SAM\Wire.cpp = ..\..\SJD Modified Core Librarys\Wire_SAM\Wire.cpp
	EndProjectSection
EndProject
Project("{8BC9CEB8-8B4A-11D0-8D11-00A0C91BC942}") = "Test FlagEnums", "..\..\VS_Projects\Test Libraries\Test FlagEnums\Test FlagEnums.vcxproj", "{9EF6FCB2-C1B7-43FA-8CBF-02A92ECFC165}"
EndProject
Project("{8BC9CEB8-8B4A-11D0-8D11-00A0C91BC942}") = "Test MixValve", "..\..\VS_Projects\Test Libraries\Test MixValve\Test MixValve.vcxproj", "{E316DBC0-B99A-4CBB-8096-5587B8740F4C}"
EndProject
Project("{2150E333-8FDC-42A3-9474-1A3956D46DE8}") = "MegaCore", "MegaCore", "{2B0C7988-6A4D-46F3-A187-597B451ED32D}"
	ProjectSection(SolutionItems) = preProject
		..\..\..\..\..\..\AppData\Local\arduino15\packages\MegaCore\hardware\avr\2.1.2\libraries\Wire\src\utility\twi.c = ..\..\..\..\..\..\AppData\Local\arduino15\packages\MegaCore\hardware\avr\2.1.2\libraries\Wire\src\utility\twi.c
		..\..\..\..\..\..\AppData\Local\arduino15\packages\MegaCore\hardware\avr\2.1.2\libraries\Wire\src\utility\twi.h = ..\..\..\..\..\..\AppData\Local\arduino15\packages\MegaCore\hardware\avr\2.1.2\libraries\Wire\src\utility\twi.h
		..\..\..\..\..\..\AppData\Local\arduino15\packages\MegaCore\hardware\avr\2.1.2\libraries\Wire\src\Wire.cpp = ..\..\..\..\..\..\AppData\Local\arduino15\packages\MegaCore\hardware\avr\2.1.2\libraries\Wire\src\Wire.cpp
		..\..\..\..\..\..\AppData\Local\arduino15\packages\MegaCore\hardware\avr\2.1.2\libraries\Wire\src\Wire.h = ..\..\..\..\..\..\AppData\Local\arduino15\packages\MegaCore\hardware\avr\2.1.2\libraries\Wire\src\Wire.h
	EndProjectSection
EndProject
Global
	GlobalSection(SolutionConfigurationPlatforms) = preSolution
		Debug|ARM = Debug|ARM
		Debug|ARM64 = Debug|ARM64
		Debug|x64 = Debug|x64
		Debug|x86 = Debug|x86
		Release|ARM = Release|ARM
		Release|ARM64 = Release|ARM64
		Release|x64 = Release|x64
		Release|x86 = Release|x86
	EndGlobalSection
	GlobalSection(ProjectConfigurationPlatforms) = postSolution
		{638772E8-0D64-4264-AE4B-AE75E36A1DE9}.Debug|ARM.ActiveCfg = Debug|ARM
		{638772E8-0D64-4264-AE4B-AE75E36A1DE9}.Debug|ARM64.ActiveCfg = Debug|Win32
		{638772E8-0D64-4264-AE4B-AE75E36A1DE9}.Debug|x64.ActiveCfg = Debug|x64
		{638772E8-0D64-4264-AE4B-AE75E36A1DE9}.Debug|x64.Build.0 = Debug|x64
		{638772E8-0D64-4264-AE4B-AE75E36A1DE9}.Debug|x86.ActiveCfg = Debug|Win32
		{638772E8-0D64-4264-AE4B-AE75E36A1DE9}.Debug|x86.Build.0 = Debug|Win32
		{638772E8-0D64-4264-AE4B-AE75E36A1DE9}.Release|ARM.ActiveCfg = Release|ARM
		{638772E8-0D64-4264-AE4B-AE75E36A1DE9}.Release|ARM64.ActiveCfg = Release|Win32
		{638772E8-0D64-4264-AE4B-AE75E36A1DE9}.Release|x64.ActiveCfg = Release|x64
		{638772E8-0D64-4264-AE4B-AE75E36A1DE9}.Release|x64.Build.0 = Release|x64
		{638772E8-0D64-4264-AE4B-AE75E36A1DE9}.Release|x86.ActiveCfg = Release|Win32
		{638772E8-0D64-4264-AE4B-AE75E36A1DE9}.Release|x86.Build.0 = Release|Win32
		{ACE0D219-6D9F-47B1-895B-6238345D866C}.Debug|ARM.ActiveCfg = Debug|ARM
		{ACE0D219-6D9F-47B1-895B-6238345D866C}.Debug|ARM.Build.0 = Debug|ARM
		{ACE0D219-6D9F-47B1-895B-6238345D866C}.Debug|ARM64.ActiveCfg = Debug|Win32
		{ACE0D219-6D9F-47B1-895B-6238345D866C}.Debug|x64.ActiveCfg = Debug|x64
		{ACE0D219-6D9F-47B1-895B-6238345D866C}.Debug|x64.Build.0 = Debug|x64
		{ACE0D219-6D9F-47B1-895B-6238345D866C}.Debug|x86.ActiveCfg = Debug|Win32
		{ACE0D219-6D9F-47B1-895B-6238345D866C}.Debug|x86.Build.0 = Debug|Win32
		{ACE0D219-6D9F-47B1-895B-6238345D866C}.Release|ARM.ActiveCfg = Release|ARM
		{ACE0D219-6D9F-47B1-895B-6238345D866C}.Release|ARM.Build.0 = Release|ARM
		{ACE0D219-6D9F-47B1-895B-6238345D866C}.Release|ARM64.ActiveCfg = Release|Win32
		{ACE0D219-6D9F-47B1-895B-6238345D866C}.Release|x64.ActiveCfg = Release|x64
		{ACE0D219-6D9F-47B1-895B-6238345D866C}.Release|x64.Build.0 = Release|x64
		{ACE0D219-6D9F-47B1-895B-6238345D866C}.Release|x86.ActiveCfg = Release|Win32
		{ACE0D219-6D9F-47B1-895B-6238345D866C}.Release|x86.Build.0 = Release|Win32
		{9DAD749E-3BD1-4D6E-9F65-52E66DDF0E82}.Debug|ARM.ActiveCfg = Debug|Win32
		{9DAD749E-3BD1-4D6E-9F65-52E66DDF0E82}.Debug|ARM64.ActiveCfg = Debug|Win32
		{9DAD749E-3BD1-4D6E-9F65-52E66DDF0E82}.Debug|x64.ActiveCfg = Debug|x64
		{9DAD749E-3BD1-4D6E-9F65-52E66DDF0E82}.Debug|x64.Build.0 = Debug|x64
		{9DAD749E-3BD1-4D6E-9F65-52E66DDF0E82}.Debug|x86.ActiveCfg = Debug|Win32
		{9DAD749E-3BD1-4D6E-9F65-52E66DDF0E82}.Debug|x86.Build.0 = Debug|Win32
		{9DAD749E-3BD1-4D6E-9F65-52E66DDF0E82}.Release|ARM.ActiveCfg = Release|Win32
		{9DAD749E-3BD1-4D6E-9F65-52E66DDF0E82}.Release|ARM64.ActiveCfg = Release|Win32
		{9DAD749E-3BD1-4D6E-9F65-52E66DDF0E82}.Release|x64.ActiveCfg = Release|x64
		{9DAD749E-3BD1-4D6E-9F65-52E66DDF0E82}.Release|x64.Build.0 = Release|x64
		{9DAD749E-3BD1-4D6E-9F65-52E66DDF0E82}.Release|x86.ActiveCfg = Release|Win32
		{9DAD749E-3BD1-4D6E-9F65-52E66DDF0E82}.Release|x86.Build.0 = Release|Win32
		{7775C75D-B1E9-4813-90A1-0B5E60A300EC}.Debug|ARM.ActiveCfg = Debug|ARM
		{7775C75D-B1E9-4813-90A1-0B5E60A300EC}.Debug|ARM.Build.0 = Debug|ARM
		{7775C75D-B1E9-4813-90A1-0B5E60A300EC}.Debug|ARM64.ActiveCfg = Debug|Win32
		{7775C75D-B1E9-4813-90A1-0B5E60A300EC}.Debug|x64.ActiveCfg = Debug|x64
		{7775C75D-B1E9-4813-90A1-0B5E60A300EC}.Debug|x64.Build.0 = Debug|x64
		{7775C75D-B1E9-4813-90A1-0B5E60A300EC}.Debug|x86.ActiveCfg = Debug|Win32
		{7775C75D-B1E9-4813-90A1-0B5E60A300EC}.Debug|x86.Build.0 = Debug|Win32
		{7775C75D-B1E9-4813-90A1-0B5E60A300EC}.Release|ARM.ActiveCfg = Release|ARM
		{7775C75D-B1E9-4813-90A1-0B5E60A300EC}.Release|ARM.Build.0 = Release|ARM
		{7775C75D-B1E9-4813-90A1-0B5E60A300EC}.Release|ARM64.ActiveCfg = Release|Win32
		{7775C75D-B1E9-4813-90A1-0B5E60A300EC}.Release|x64.ActiveCfg = Release|x64
		{7775C75D-B1E9-4813-90A1-0B5E60A300EC}.Release|x64.Build.0 = Release|x64
		{7775C75D-B1E9-4813-90A1-0B5E60A300EC}.Release|x86.ActiveCfg = Release|Win32
		{7775C75D-B1E9-4813-90A1-0B5E60A300EC}.Release|x86.Build.0 = Release|Win32
		{BAD9A3B2-A0EE-4490-A1F2-D41049683732}.Debug|ARM.ActiveCfg = Debug|ARM
		{BAD9A3B2-A0EE-4490-A1F2-D41049683732}.Debug|ARM.Build.0 = Debug|ARM
		{BAD9A3B2-A0EE-4490-A1F2-D41049683732}.Debug|ARM64.ActiveCfg = Debug|Win32
		{BAD9A3B2-A0EE-4490-A1F2-D41049683732}.Debug|x64.ActiveCfg = Debug|x64
		{BAD9A3B2-A0EE-4490-A1F2-D41049683732}.Debug|x64.Build.0 = Debug|x64
		{BAD9A3B2-A0EE-4490-A1F2-D41049683732}.Debug|x86.ActiveCfg = Debug|Win32
		{BAD9A3B2-A0EE-4490-A1F2-D41049683732}.Debug|x86.Build.0 = Debug|Win32
		{BAD9A3B2-A0EE-4490-A1F2-D41049683732}.Release|ARM.ActiveCfg = Release|ARM
		{BAD9A3B2-A0EE-4490-A1F2-D41049683732}.Release|ARM.Build.0 = Release|ARM
		{BAD9A3B2-A0EE-4490-A1F2-D41049683732}.Release|ARM64.ActiveCfg = Release|Win32
		{BAD9A3B2-A0EE-4490-A1F2-D41049683732}.Release|x64.ActiveCfg = Release|x64
		{BAD9A3B2-A0EE-4490-A1F2-D41049683732}.Release|x64.Build.0 = Release|x64
		{BAD9A3B2-A0EE-4490-A1F2-D41049683732}.Release|x86.ActiveCfg = Release|Win32
		{BAD9A3B2-A0EE-4490-A1F2-D41049683732}.Release|x86.Build.0 = Release|Win32
		{97164891-2135-45B6-8DF9-5119E0910784}.Debug|ARM.ActiveCfg = Debug|ARM
		{97164891-2135-45B6-8DF9-5119E0910784}.Debug|ARM.Build.0 = Debug|ARM
		{97164891-2135-45B6-8DF9-5119E0910784}.Debug|ARM64.ActiveCfg = Debug|Win32
		{97164891-2135-45B6-8DF9-5119E0910784}.Debug|x64.ActiveCfg = Debug|x64
		{97164891-2135-45B6-8DF9-5119E0910784}.Debug|x64.Build.0 = Debug|x64
		{97164891-2135-45B6-8DF9-5119E0910784}.Debug|x86.ActiveCfg = Debug|Win32
		{97164891-2135-45B6-8DF9-5119E0910784}.Debug|x86.Build.0 = Debug|Win32
		{97164891-2135-45B6-8DF9-5119E0910784}.Release|ARM.ActiveCfg = Release|ARM
		{97164891-2135-45B6-8DF9-5119E0910784}.Release|ARM.Build.0 = Release|ARM
		{97164891-2135-45B6-8DF9-5119E0910784}.Release|ARM64.ActiveCfg = Release|Win32
		{97164891-2135-45B6-8DF9-5119E0910784}.Release|x64.ActiveCfg = Release|x64
		{97164891-2135-45B6-8DF9-5119E0910784}.Release|x64.Build.0 = Release|x64
		{97164891-2135-45B6-8DF9-5119E0910784}.Release|x86.ActiveCfg = Release|Win32
		{97164891-2135-45B6-8DF9-5119E0910784}.Release|x86.Build.0 = Release|Win32
		{761C4E75-30A3-4E30-BBB3-5BBFE402CAD1}.Debug|ARM.ActiveCfg = Debug|ARM
		{761C4E75-30A3-4E30-BBB3-5BBFE402CAD1}.Debug|ARM.Build.0 = Debug|ARM
		{761C4E75-30A3-4E30-BBB3-5BBFE402CAD1}.Debug|ARM64.ActiveCfg = Debug|Win32
		{761C4E75-30A3-4E30-BBB3-5BBFE402CAD1}.Debug|x64.ActiveCfg = Debug|x64
		{761C4E75-30A3-4E30-BBB3-5BBFE402CAD1}.Debug|x64.Build.0 = Debug|x64
		{761C4E75-30A3-4E30-BBB3-5BBFE402CAD1}.Debug|x86.ActiveCfg = Debug|Win32
		{761C4E75-30A3-4E30-BBB3-5BBFE402CAD1}.Debug|x86.Build.0 = Debug|Win32
		{761C4E75-30A3-4E30-BBB3-5BBFE402CAD1}.Release|ARM.ActiveCfg = Release|ARM
		{761C4E75-30A3-4E30-BBB3-5BBFE402CAD1}.Release|ARM.Build.0 = Release|ARM
		{761C4E75-30A3-4E30-BBB3-5BBFE402CAD1}.Release|ARM64.ActiveCfg = Release|Win32
		{761C4E75-30A3-4E30-BBB3-5BBFE402CAD1}.Release|x64.ActiveCfg = Release|x64
		{761C4E75-30A3-4E30-BBB3-5BBFE402CAD1}.Release|x64.Build.0 = Release|x64
		{761C4E75-30A3-4E30-BBB3-5BBFE402CAD1}.Release|x86.ActiveCfg = Release|Win32
		{761C4E75-30A3-4E30-BBB3-5BBFE402CAD1}.Release|x86.Build.0 = Release|Win32
		{E0568737-FF34-4467-A29C-44FBCCECCC00}.Debug|ARM.ActiveCfg = Debug|ARM
		{E0568737-FF34-4467-A29C-44FBCCECCC00}.Debug|ARM.Build.0 = Debug|ARM
		{E0568737-FF34-4467-A29C-44FBCCECCC00}.Debug|ARM64.ActiveCfg = Debug|Win32
		{E0568737-FF34-4467-A29C-44FBCCECCC00}.Debug|x64.ActiveCfg = Debug|x64
		{E0568737-FF34-4467-A29C-44FBCCECCC00}.Debug|x64.Build.0 = Debug|x64
		{E0568737-FF34-4467-A29C-44FBCCECCC00}.Debug|x86.ActiveCfg = Debug|Win32
		{E0568737-FF34-4467-A29C-44FBCCECCC00}.Debug|x86.Build.0 = Debug|Win32
		{E0568737-FF34-4467-A29C-44FBCCECCC00}.Release|ARM.ActiveCfg = Release|ARM
		{E0568737-FF34-4467-A29C-44FBCCECCC00}.Release|ARM.Build.0 = Release|ARM
		{E0568737-FF34-4467-A29C-44FBCCECCC00}.Release|ARM64.ActiveCfg = Release|Win32
		{E0568737-FF34-4467-A29C-44FBCCECCC00}.Release|x64.ActiveCfg = Release|x64
		{E0568737-FF34-4467-A29C-44FBCCECCC00}.Release|x64.Build.0 = Release|x64
		{E0568737-FF34-4467-A29C-44FBCCECCC00}.Release|x86.ActiveCfg = Release|Win32
		{E0568737-FF34-4467-A29C-44FBCCECCC00}.Release|x86.Build.0 = Release|Win32
		{5767823B-227A-4F07-8A36-2C6AF30B862E}.Debug|ARM.ActiveCfg = Debug|Win32
		{5767823B-227A-4F07-8A36-2C6AF30B862E}.Debug|ARM64.ActiveCfg = Debug|Win32
		{5767823B-227A-4F07-8A36-2C6AF30B862E}.Debug|x64.ActiveCfg = Debug|x64
		{5767823B-227A-4F07-8A36-2C6AF30B862E}.Debug|x64.Build.0 = Debug|x64
		{5767823B-227A-4F07-8A36-2C6AF30B862E}.Debug|x86.ActiveCfg = Debug|Win32
		{5767823B-227A-4F07-8A36-2C6AF30B862E}.Debug|x86.Build.0 = Debug|Win32
		{5767823B-227A-4F07-8A36-2C6AF30B862E}.Release|ARM.ActiveCfg = Release|Win32
		{5767823B-227A-4F07-8A36-2C6AF30B862E}.Release|ARM64.ActiveCfg = Release|Win32
		{5767823B-227A-4F07-8A36-2C6AF30B862E}.Release|x64.ActiveCfg = Release|x64
		{5767823B-227A-4F07-8A36-2C6AF30B862E}.Release|x64.Build.0 = Release|x64
		{5767823B-227A-4F07-8A36-2C6AF30B862E}.Release|x86.ActiveCfg = Release|Win32
		{5767823B-227A-4F07-8A36-2C6AF30B862E}.Release|x86.Build.0 = Release|Win32
		{318D372E-3D24-4D43-B60C-BDE037753CB4}.Debug|ARM.ActiveCfg = Debug|Win32
		{318D372E-3D24-4D43-B60C-BDE037753CB4}.Debug|ARM64.ActiveCfg = Debug|Win32
		{318D372E-3D24-4D43-B60C-BDE037753CB4}.Debug|x64.ActiveCfg = Debug|Win32
		{318D372E-3D24-4D43-B60C-BDE037753CB4}.Debug|x86.ActiveCfg = Debug|Win32
		{318D372E-3D24-4D43-B60C-BDE037753CB4}.Debug|x86.Build.0 = Debug|Win32
		{318D372E-3D24-4D43-B60C-BDE037753CB4}.Release|ARM.ActiveCfg = Release|Win32
		{318D372E-3D24-4D43-B60C-BDE037753CB4}.Release|ARM64.ActiveCfg = Release|Win32
		{318D372E-3D24-4D43-B60C-BDE037753CB4}.Release|x64.ActiveCfg = Release|Win32
		{318D372E-3D24-4D43-B60C-BDE037753CB4}.Release|x86.ActiveCfg = Release|Win32
		{318D372E-3D24-4D43-B60C-BDE037753CB4}.Release|x86.Build.0 = Release|Win32
		{57DC80F9-6CC7-4C1D-A9AD-558D0D7A906F}.Debug|ARM.ActiveCfg = Debug|Win32
		{57DC80F9-6CC7-4C1D-A9AD-558D0D7A906F}.Debug|ARM64.ActiveCfg = Debug|Win32
		{57DC80F9-6CC7-4C1D-A9AD-558D0D7A906F}.Debug|x64.ActiveCfg = Debug|Win32
		{57DC80F9-6CC7-4C1D-A9AD-558D0D7A906F}.Debug|x86.ActiveCfg = Debug|Win32
		{57DC80F9-6CC7-4C1D-A9AD-558D0D7A906F}.Debug|x86.Build.0 = Debug|Win32
		{57DC80F9-6CC7-4C1D-A9AD-558D0D7A906F}.Release|ARM.ActiveCfg = Release|Win32
		{57DC80F9-6CC7-4C1D-A9AD-558D0D7A906F}.Release|ARM64.ActiveCfg = Release|Win32
		{57DC80F9-6CC7-4C1D-A9AD-558D0D7A906F}.Release|x64.ActiveCfg = Release|Win32
		{57DC80F9-6CC7-4C1D-A9AD-558D0D7A906F}.Release|x86.ActiveCfg = Release|Win32
		{57DC80F9-6CC7-4C1D-A9AD-558D0D7A906F}.Release|x86.Build.0 = Release|Win32
		{92DA9C70-09F5-4FBA-8F9C-098B12F81848}.Debug|ARM.ActiveCfg = Debug|Win32
		{92DA9C70-09F5-4FBA-8F9C-098B12F81848}.Debug|ARM64.ActiveCfg = Debug|Win32
		{92DA9C70-09F5-4FBA-8F9C-098B12F81848}.Debug|x64.ActiveCfg = Debug|Win32
		{92DA9C70-09F5-4FBA-8F9C-098B12F81848}.Debug|x86.ActiveCfg = Debug|Win32
		{92DA9C70-09F5-4FBA-8F9C-098B12F81848}.Debug|x86.Build.0 = Debug|Win32
		{92DA9C70-09F5-4FBA-8F9C-098B12F81848}.Release|ARM.ActiveCfg = Release|Win32
		{92DA9C70-09F5-4FBA-8F9C-098B12F81848}.Release|ARM64.ActiveCfg = Release|Win32
		{92DA9C70-09F5-4FBA-8F9C-098B12F81848}.Release|x64.ActiveCfg = Release|Win32
		{92DA9C70-09F5-4FBA-8F9C-098B12F81848}.Release|x86.ActiveCfg = Release|Win32
		{92DA9C70-09F5-4FBA-8F9C-098B12F81848}.Release|x86.Build.0 = Release|Win32
		{F51A6853-021E-4517-B216-400B92178CD0}.Debug|ARM.ActiveCfg = Debug|Win32
		{F51A6853-021E-4517-B216-400B92178CD0}.Debug|ARM64.ActiveCfg = Debug|Win32
		{F51A6853-021E-4517-B216-400B92178CD0}.Debug|x64.ActiveCfg = Debug|x64
		{F51A6853-021E-4517-B216-400B92178CD0}.Debug|x64.Build.0 = Debug|x64
		{F51A6853-021E-4517-B216-400B92178CD0}.Debug|x86.ActiveCfg = Debug|Win32
		{F51A6853-021E-4517-B216-400B92178CD0}.Debug|x86.Build.0 = Debug|Win32
		{F51A6853-021E-4517-B216-400B92178CD0}.Release|ARM.ActiveCfg = Release|Win32
		{F51A6853-021E-4517-B216-400B92178CD0}.Release|ARM64.ActiveCfg = Release|Win32
		{F51A6853-021E-4517-B216-400B92178CD0}.Release|x64.ActiveCfg = Release|x64
		{F51A6853-021E-4517-B216-400B92178CD0}.Release|x64.Build.0 = Release|x64
		{F51A6853-021E-4517-B216-400B92178CD0}.Release|x86.ActiveCfg = Release|Win32
		{F51A6853-021E-4517-B216-400B92178CD0}.Release|x86.Build.0 = Release|Win32
		{E97E0323-F3C4-4182-A66C-25146C825330}.Debug|ARM.ActiveCfg = Debug|Win32
		{E97E0323-F3C4-4182-A66C-25146C825330}.Debug|ARM64.ActiveCfg = Debug|Win32
		{E97E0323-F3C4-4182-A66C-25146C825330}.Debug|x64.ActiveCfg = Debug|Win32
		{E97E0323-F3C4-4182-A66C-25146C825330}.Debug|x86.ActiveCfg = Debug|Win32
		{E97E0323-F3C4-4182-A66C-25146C825330}.Debug|x86.Build.0 = Debug|Win32
		{E97E0323-F3C4-4182-A66C-25146C825330}.Release|ARM.ActiveCfg = Release|Win32
		{E97E0323-F3C4-4182-A66C-25146C825330}.Release|ARM64.ActiveCfg = Release|Win32
		{E97E0323-F3C4-4182-A66C-25146C825330}.Release|x64.ActiveCfg = Release|Win32
		{E97E0323-F3C4-4182-A66C-25146C825330}.Release|x86.ActiveCfg = Release|Win32
		{E97E0323-F3C4-4182-A66C-25146C825330}.Release|x86.Build.0 = Release|Win32
		{9816E000-1E25-42EC-8CB7-871144713A05}.Debug|ARM.ActiveCfg = Debug|Win32
		{9816E000-1E25-42EC-8CB7-871144713A05}.Debug|ARM64.ActiveCfg = Debug|Win32
		{9816E000-1E25-42EC-8CB7-871144713A05}.Debug|x64.ActiveCfg = Debug|x64
		{9816E000-1E25-42EC-8CB7-871144713A05}.Debug|x64.Build.0 = Debug|x64
		{9816E000-1E25-42EC-8CB7-871144713A05}.Debug|x86.ActiveCfg = Debug|Win32
		{9816E000-1E25-42EC-8CB7-871144713A05}.Debug|x86.Build.0 = Debug|Win32
		{9816E000-1E25-42EC-8CB7-871144713A05}.Release|ARM.ActiveCfg = Release|Win32
		{9816E000-1E25-42EC-8CB7-871144713A05}.Release|ARM64.ActiveCfg = Release|Win32
		{9816E000-1E25-42EC-8CB7-871144713A05}.Release|x64.ActiveCfg = Release|x64
		{9816E000-1E25-42EC-8CB7-871144713A05}.Release|x64.Build.0 = Release|x64
		{9816E000-1E25-42EC-8CB7-871144713A05}.Release|x86.ActiveCfg = Release|Win32
		{9816E000-1E25-42EC-8CB7-871144713A05}.Release|x86.Build.0 = Release|Win32
		{8981DC8C-78CE-4EE2-A149-7AA870265467}.Debug|ARM.ActiveCfg = Debug|Win32
		{8981DC8C-78CE-4EE2-A149-7AA870265467}.Debug|ARM64.ActiveCfg = Debug|Win32
		{8981DC8C-78CE-4EE2-A149-7AA870265467}.Debug|x64.ActiveCfg = Debug|x64
		{8981DC8C-78CE-4EE2-A149-7AA870265467}.Debug|x64.Build.0 = Debug|x64
		{8981DC8C-78CE-4EE2-A149-7AA870265467}.Debug|x86.ActiveCfg = Debug|Win32
		{8981DC8C-78CE-4EE2-A149-7AA870265467}.Debug|x86.Build.0 = Debug|Win32
		{8981DC8C-78CE-4EE2-A149-7AA870265467}.Release|ARM.ActiveCfg = Release|Win32
		{8981DC8C-78CE-4EE2-A149-7AA870265467}.Release|ARM64.ActiveCfg = Release|Win32
		{8981DC8C-78CE-4EE2-A149-7AA870265467}.Release|x64.ActiveCfg = Release|x64
		{8981DC8C-78CE-4EE2-A149-7AA870265467}.Release|x64.Build.0 = Release|x64
		{8981DC8C-78CE-4EE2-A149-7AA870265467}.Release|x86.ActiveCfg = Release|Win32
		{8981DC8C-78CE-4EE2-A149-7AA870265467}.Release|x86.Build.0 = Release|Win32
		{98045B43-1BCF-400C-B88B-4EFB0B8C94B8}.Debug|ARM.ActiveCfg = Debug|Win32
		{98045B43-1BCF-400C-B88B-4EFB0B8C94B8}.Debug|ARM64.ActiveCfg = Debug|Win32
		{98045B43-1BCF-400C-B88B-4EFB0B8C94B8}.Debug|x64.ActiveCfg = Debug|x64
		{98045B43-1BCF-400C-B88B-4EFB0B8C94B8}.Debug|x64.Build.0 = Debug|x64
		{98045B43-1BCF-400C-B88B-4EFB0B8C94B8}.Debug|x86.ActiveCfg = Debug|Win32
		{98045B43-1BCF-400C-B88B-4EFB0B8C94B8}.Debug|x86.Build.0 = Debug|Win32
		{98045B43-1BCF-400C-B88B-4EFB0B8C94B8}.Release|ARM.ActiveCfg = Release|Win32
		{98045B43-1BCF-400C-B88B-4EFB0B8C94B8}.Release|ARM64.ActiveCfg = Release|Win32
		{98045B43-1BCF-400C-B88B-4EFB0B8C94B8}.Release|x64.ActiveCfg = Release|x64
		{98045B43-1BCF-400C-B88B-4EFB0B8C94B8}.Release|x64.Build.0 = Release|x64
		{98045B43-1BCF-400C-B88B-4EFB0B8C94B8}.Release|x86.ActiveCfg = Release|Win32
		{98045B43-1BCF-400C-B88B-4EFB0B8C94B8}.Release|x86.Build.0 = Release|Win32
		{17FA0A00-3183-480B-BE0E-F2C6EFF4CB91}.Debug|ARM.ActiveCfg = Debug|Win32
		{17FA0A00-3183-480B-BE0E-F2C6EFF4CB91}.Debug|ARM64.ActiveCfg = Debug|Win32
		{17FA0A00-3183-480B-BE0E-F2C6EFF4CB91}.Debug|x64.ActiveCfg = Debug|x64
		{17FA0A00-3183-480B-BE0E-F2C6EFF4CB91}.Debug|x64.Build.0 = Debug|x64
		{17FA0A00-3183-480B-BE0E-F2C6EFF4CB91}.Debug|x86.ActiveCfg = Debug|Win32
		{17FA0A00-3183-480B-BE0E-F2C6EFF4CB91}.Debug|x86.Build.0 = Debug|Win32
		{17FA0A00-3183-480B-BE0E-F2C6EFF4CB91}.Release|ARM.ActiveCfg = Release|Win32
		{17FA0A00-3183-480B-BE0E-F2C6EFF4CB91}.Release|ARM64.ActiveCfg = Release|Win32
		{17FA0A00-3183-480B-BE0E-F2C6EFF4CB91}.Release|x64.ActiveCfg = Release|x64
		{17FA0A00-3183-480B-BE0E-F2C6EFF4CB91}.Release|x64.Build.0 = Release|x64
		{17FA0A00-3183-480B-BE0E-F2C6EFF4CB91}.Release|x86.ActiveCfg = Release|Win32
		{17FA0A00-3183-480B-BE0E-F2C6EFF4CB91}.Release|x86.Build.0 = Release|Win32
		{3DAA4623-8197-4ECF-8F83-1E1C3DBBC349}.Debug|ARM.ActiveCfg = Debug|Win32
		{3DAA4623-8197-4ECF-8F83-1E1C3DBBC349}.Debug|ARM64.ActiveCfg = Debug|Win32
		{3DAA4623-8197-4ECF-8F83-1E1C3DBBC349}.Debug|x64.ActiveCfg = Debug|x64
		{3DAA4623-8197-4ECF-8F83-1E1C3DBBC349}.Debug|x64.Build.0 = Debug|x64
		{3DAA4623-8197-4ECF-8F83-1E1C3DBBC349}.Debug|x86.ActiveCfg = Debug|Win32
		{3DAA4623-8197-4ECF-8F83-1E1C3DBBC349}.Debug|x86.Build.0 = Debug|Win32
		{3DAA4623-8197-4ECF-8F83-1E1C3DBBC349}.Release|ARM.ActiveCfg = Release|Win32
		{3DAA4623-8197-4ECF-8F83-1E1C3DBBC349}.Release|ARM64.ActiveCfg = Release|Win32
		{3DAA4623-8197-4ECF-8F83-1E1C3DBBC349}.Release|x64.ActiveCfg = Release|x64
		{3DAA4623-8197-4ECF-8F83-1E1C3DBBC349}.Release|x64.Build.0 = Release|x64
		{3DAA4623-8197-4ECF-8F83-1E1C3DBBC349}.Release|x86.ActiveCfg = Release|Win32
		{3DAA4623-8197-4ECF-8F83-1E1C3DBBC349}.Release|x86.Build.0 = Release|Win32
		{0814AA9A-0C7C-49B5-9695-08F7BFB2D54E}.Debug|ARM.ActiveCfg = Debug|Win32
		{0814AA9A-0C7C-49B5-9695-08F7BFB2D54E}.Debug|ARM64.ActiveCfg = Debug|Win32
		{0814AA9A-0C7C-49B5-9695-08F7BFB2D54E}.Debug|x64.ActiveCfg = Debug|x64
		{0814AA9A-0C7C-49B5-9695-08F7BFB2D54E}.Debug|x64.Build.0 = Debug|x64
		{0814AA9A-0C7C-49B5-9695-08F7BFB2D54E}.Debug|x86.ActiveCfg = Debug|Win32
		{0814AA9A-0C7C-49B5-9695-08F7BFB2D54E}.Debug|x86.Build.0 = Debug|Win32
		{0814AA9A-0C7C-49B5-9695-08F7BFB2D54E}.Release|ARM.ActiveCfg = Release|Win32
		{0814AA9A-0C7C-49B5-9695-08F7BFB2D54E}.Release|ARM64.ActiveCfg = Release|Win32
		{0814AA9A-0C7C-49B5-9695-08F7BFB2D54E}.Release|x64.ActiveCfg = Release|x64
		{0814AA9A-0C7C-49B5-9695-08F7BFB2D54E}.Release|x64.Build.0 = Release|x64
		{0814AA9A-0C7C-49B5-9695-08F7BFB2D54E}.Release|x86.ActiveCfg = Release|Win32
		{0814AA9A-0C7C-49B5-9695-08F7BFB2D54E}.Release|x86.Build.0 = Release|Win32
		{2E10EC00-156C-4F57-A4FC-5E138136D6FA}.Debug|ARM.ActiveCfg = Debug|Win32
		{2E10EC00-156C-4F57-A4FC-5E138136D6FA}.Debug|ARM64.ActiveCfg = Debug|Win32
		{2E10EC00-156C-4F57-A4FC-5E138136D6FA}.Debug|x64.ActiveCfg = Debug|x64
		{2E10EC00-156C-4F57-A4FC-5E138136D6FA}.Debug|x64.Build.0 = Debug|x64
		{2E10EC00-156C-4F57-A4FC-5E138136D6FA}.Debug|x86.ActiveCfg = Debug|Win32
		{2E10EC00-156C-4F57-A4FC-5E138136D6FA}.Debug|x86.Build.0 = Debug|Win32
		{2E10EC00-156C-4F57-A4FC-5E138136D6FA}.Release|ARM.ActiveCfg = Release|Win32
		{2E10EC00-156C-4F57-A4FC-5E138136D6FA}.Release|ARM64.ActiveCfg = Release|Win32
		{2E10EC00-156C-4F57-A4FC-5E138136D6FA}.Release|x64.ActiveCfg = Release|x64
		{2E10EC00-156C-4F57-A4FC-5E138136D6FA}.Release|x64.Build.0 = Release|x64
		{2E10EC00-156C-4F57-A4FC-5E138136D6FA}.Release|x86.ActiveCfg = Release|Win32
		{2E10EC00-156C-4F57-A4FC-5E138136D6FA}.Release|x86.Build.0 = Release|Win32
		{4CEE2C5A-65D2-462A-81FC-AD5183AB3843}.Debug|ARM.ActiveCfg = Debug|Win32
		{4CEE2C5A-65D2-462A-81FC-AD5183AB3843}.Debug|ARM64.ActiveCfg = Debug|Win32
		{4CEE2C5A-65D2-462A-81FC-AD5183AB3843}.Debug|x64.ActiveCfg = Debug|x64
		{4CEE2C5A-65D2-462A-81FC-AD5183AB3843}.Debug|x64.Build.0 = Debug|x64
		{4CEE2C5A-65D2-462A-81FC-AD5183AB3843}.Debug|x86.ActiveCfg = Debug|Win32
		{4CEE2C5A-65D2-462A-81FC-AD5183AB3843}.Debug|x86.Build.0 = Debug|Win32
		{4CEE2C5A-65D2-462A-81FC-AD5183AB3843}.Release|ARM.ActiveCfg = Release|Win32
		{4CEE2C5A-65D2-462A-81FC-AD5183AB3843}.Release|ARM64.ActiveCfg = Release|Win32
		{4CEE2C5A-65D2-462A-81FC-AD5183AB3843}.Release|x64.ActiveCfg = Release|x64
		{4CEE2C5A-65D2-462A-81FC-AD5183AB3843}.Release|x64.Build.0 = Release|x64
		{4CEE2C5A-65D2-462A-81FC-AD5183AB3843}.Release|x86.ActiveCfg = Release|Win32
		{4CEE2C5A-65D2-462A-81FC-AD5183AB3843}.Release|x86.Build.0 = Release|Win32
		{9EF6FCB2-C1B7-43FA-8CBF-02A92ECFC165}.Debug|ARM.ActiveCfg = Debug|x64
		{9EF6FCB2-C1B7-43FA-8CBF-02A92ECFC165}.Debug|ARM.Build.0 = Debug|x64
		{9EF6FCB2-C1B7-43FA-8CBF-02A92ECFC165}.Debug|ARM64.ActiveCfg = Debug|x64
		{9EF6FCB2-C1B7-43FA-8CBF-02A92ECFC165}.Debug|ARM64.Build.0 = Debug|x64
		{9EF6FCB2-C1B7-43FA-8CBF-02A92ECFC165}.Debug|x64.ActiveCfg = Debug|x64
		{9EF6FCB2-C1B7-43FA-8CBF-02A92ECFC165}.Debug|x64.Build.0 = Debug|x64
		{9EF6FCB2-C1B7-43FA-8CBF-02A92ECFC165}.Debug|x86.ActiveCfg = Debug|Win32
		{9EF6FCB2-C1B7-43FA-8CBF-02A92ECFC165}.Debug|x86.Build.0 = Debug|Win32
		{9EF6FCB2-C1B7-43FA-8CBF-02A92ECFC165}.Release|ARM.ActiveCfg = Release|x64
		{9EF6FCB2-C1B7-43FA-8CBF-02A92ECFC165}.Release|ARM.Build.0 = Release|x64
		{9EF6FCB2-C1B7-43FA-8CBF-02A92ECFC165}.Release|ARM64.ActiveCfg = Release|x64
		{9EF6FCB2-C1B7-43FA-8CBF-02A92ECFC165}.Release|ARM64.Build.0 = Release|x64
		{9EF6FCB2-C1B7-43FA-8CBF-02A92ECFC165}.Release|x64.ActiveCfg = Release|x64
		{9EF6FCB2-C1B7-43FA-8CBF-02A92ECFC165}.Release|x64.Build.0 = Release|x64
		{9EF6FCB2-C1B7-43FA-8CBF-02A92ECFC165}.Release|x86.ActiveCfg = Release|Win32
		{9EF6FCB2-C1B7-43FA-8CBF-02A92ECFC165}.Release|x86.Build.0 = Release|Win32
		{E316DBC0-B99A-4CBB-8096-5587B8740F4C}.Debug|ARM.ActiveCfg = Debug|x64
		{E316DBC0-B99A-4CBB-8096-5587B8740F4C}.Debug|ARM.Build.0 = Debug|x64
		{E316DBC0-B99A-4CBB-8096-5587B8740F4C}.Debug|ARM64.ActiveCfg = Debug|x64
		{E316DBC0-B99A-4CBB-8096-5587B8740F4C}.Debug|ARM64.Build.0 = Debug|x64
		{E316DBC0-B99A-4CBB-8096-5587B8740F4C}.Debug|x64.ActiveCfg = Debug|x64
		{E316DBC0-B99A-4CBB-8096-5587B8740F4C}.Debug|x64.Build.0 = Debug|x64
		{E316DBC0-B99A-4CBB-8096-5587B8740F4C}.Debug|x86.ActiveCfg = Debug|Win32
		{E316DBC0-B99A-4CBB-8096-5587B8740F4C}.Debug|x86.Build.0 = Debug|Win32
		{E316DBC0-B99A-4CBB-8096-5587B8740F4C}.Release|ARM.ActiveCfg = Release|x64
		{E316DBC0-B99A-4CBB-8096-5587B8740F4C}.Release|ARM.Build.0 = Release|x64
		{E316DBC0-B99A-4CBB-8096-5587B8740F4C}.Release|ARM64.ActiveCfg = Release|x64
		{E316DBC0-B99A-4CBB-8096-5587B8740F4C}.Release|ARM64.Build.0 = Release|x64
		{E316DBC0-B99A-4CBB-8096-5587B8740F4C}.Release|x64.ActiveCfg = Release|x64
		{E316DBC0-B99A-4CBB-8096-5587B8740F4C}.Release|x64.Build.0 = Release|x64
		{E316DBC0-B99A-4CBB-8096-5587B8740F4C}.Release|x86.ActiveCfg = Release|Win32
		{E316DBC0-B99A-4CBB-8096-5587B8740F4C}.Release|x86.Build.0 = Release|Win32
	EndGlobalSection
	GlobalSection(SolutionProperties) = preSolution
		HideSolutionNode = FALSE
	EndGlobalSection
	GlobalSection(NestedProjects) = preSolution
		{04A9DCA5-DA0B-42F7-900E-9DF92C531E80} = {1E620AD9-804F-4C1E-90EE-1AC002A26043}
		{3A89E558-0F5D-451B-8200-DC46494A3C90} = {1E620AD9-804F-4C1E-90EE-1AC002A26043}
		{A3470CF9-2D34-49DF-94B6-933400C72FCE} = {1E620AD9-804F-4C1E-90EE-1AC002A26043}
		{7452347B-7166-4353-B604-5735B16AC9E5} = {1E620AD9-804F-4C1E-90EE-1AC002A26043}
		{2B0C7988-6A4D-46F3-A187-597B451ED32D} = {1E620AD9-804F-4C1E-90EE-1AC002A26043}
	EndGlobalSection
	GlobalSection(ExtensibilityGlobals) = postSolution
		SolutionGuid = {8A631AB6-168B-497B-81AB-6570250D9D62}
	EndGlobalSection
EndGlobal
